{
  "nodes": {
    "bend": {
      "inputs": {
        "nixpkgs": [
          "nixpkgs"
        ]
      },
      "locked": {
        "lastModified": 1789938444,
        "narHash": "sha256-MIE+QrAua6B/B4qaEP9B+PCWhsLi6+0buTeP+CkjVsw=",
        "owner": "bendlang",
        "repo": "bend",
        "rev": "94ee9ba40043643df648b13fc5638b065a37cb4e",
        "type": "github"
      },
      "original": {
        "owner": "bendlang",
        "repo": "bend",
        "type": "github"
      }
    },
    "nixpkgs": {
      "locked": {
        "lastModified": 1789785513,
        "narHash": "sha256-B44WL6h0XoLjJ41bUPJk0X5SDinLCII//6EcBLXKiJ0=",
        "owner": "NixOS",
        "repo": "nixpkgs",
        "rev": "20b1ddd1aa5ace70c9468305030aa4f9ef79671b",
        "type": "github"
      },
      "original": {
        "owner": "NixOS",
        "ref": "nixos-unstable",
        "repo": "nixpkgs",
        "type": "github"
      }
    },
    "root": {
      "inputs": {
        "bend": "bend",
        "nixpkgs": "nixpkgs"
      }
    }
  },
  "root": "root",
  "version": 7
}
